// !$*UTF8*$!
{
	archiveVersion = 1;
	classes = {
	};
	objectVersion = 56;
	objects = {

/* Begin PBXBuildFile section */
		5B616CE52CD16B6D0057B1FF /* AppDelegate.swift in Sources */ = {isa = PBXBuildFile; fileRef = 5B616CE42CD16B6D0057B1FF /* AppDelegate.swift */; };
		5B616CE92CD16B6D0057B1FF /* ViewController.swift in Sources */ = {isa = PBXBuildFile; fileRef = 5B616CE82CD16B6D0057B1FF /* ViewController.swift */; };
		5B616CEE2CD16B6E0057B1FF /* Assets.xcassets in Resources */ = {isa = PBXBuildFile; fileRef = 5B616CED2CD16B6E0057B1FF /* Assets.xcassets */; };
		5B616CF12CD16B6E0057B1FF /* Base in Resources */ = {isa = PBXBuildFile; fileRef = 5B616CF02CD16B6E0057B1FF /* Base */; };
		5B616CFC2CD16B6E0057B1FF /* ImaginationlandTests.swift in Sources */ = {isa = PBXBuildFile; fileRef = 5B616CFB2CD16B6E0057B1FF /* ImaginationlandTests.swift */; };
		5B616D062CD16B6E0057B1FF /* ImaginationlandUITests.swift in Sources */ = {isa = PBXBuildFile; fileRef = 5B616D052CD16B6E0057B1FF /* ImaginationlandUITests.swift */; };
		5B616D082CD16B6E0057B1FF /* ImaginationlandUITestsLaunchTests.swift in Sources */ = {isa = PBXBuildFile; fileRef = 5B616D072CD16B6E0057B1FF /* ImaginationlandUITestsLaunchTests.swift */; };
		5B616D162CD16C1D0057B1FF /* SnapKit in Frameworks */ = {isa = PBXBuildFile; productRef = 5B616D152CD16C1D0057B1FF /* SnapKit */; };
		5B616D182CD16C7C0057B1FF /* Duration.swift in Sources */ = {isa = PBXBuildFile; fileRef = 5B616D172CD16C7C0057B1FF /* Duration.swift */; };
		5B616D1A2CD16C900057B1FF /* Buildable.swift in Sources */ = {isa = PBXBuildFile; fileRef = 5B616D192CD16C900057B1FF /* Buildable.swift */; };
		5B616D202CD16CA30057B1FF /* FileManager+.swift in Sources */ = {isa = PBXBuildFile; fileRef = 5B616D1D2CD16CA30057B1FF /* FileManager+.swift */; };
		5B616D212CD16CA30057B1FF /* Sequence+.swift in Sources */ = {isa = PBXBuildFile; fileRef = 5B616D1E2CD16CA30057B1FF /* Sequence+.swift */; };
		5B616D222CD16CA30057B1FF /* Comparable+.swift in Sources */ = {isa = PBXBuildFile; fileRef = 5B616D1C2CD16CA30057B1FF /* Comparable+.swift */; };
		5B616D232CD16CA30057B1FF /* ImaginationlandError.swift in Sources */ = {isa = PBXBuildFile; fileRef = 5B616D1B2CD16CA30057B1FF /* ImaginationlandError.swift */; };
		5B616D242CD16CA30057B1FF /* URL+.swift in Sources */ = {isa = PBXBuildFile; fileRef = 5B616D1F2CD16CA30057B1FF /* URL+.swift */; };
		5B616D312CD16CBD0057B1FF /* CGRect+.swift in Sources */ = {isa = PBXBuildFile; fileRef = 5B616D2B2CD16CBD0057B1FF /* CGRect+.swift */; };
		5B616D322CD16CBD0057B1FF /* ImageViews.swift in Sources */ = {isa = PBXBuildFile; fileRef = 5B616D282CD16CBC0057B1FF /* ImageViews.swift */; };
		5B616D332CD16CBD0057B1FF /* Button.swift in Sources */ = {isa = PBXBuildFile; fileRef = 5B616D2D2CD16CBD0057B1FF /* Button.swift */; };
		5B616D342CD16CBD0057B1FF /* CACornerMask+.swift in Sources */ = {isa = PBXBuildFile; fileRef = 5B616D2F2CD16CBD0057B1FF /* CACornerMask+.swift */; };
		5B616D352CD16CBD0057B1FF /* UIControl+.swift in Sources */ = {isa = PBXBuildFile; fileRef = 5B616D292CD16CBC0057B1FF /* UIControl+.swift */; };
		5B616D362CD16CBD0057B1FF /* UIColor+.swift in Sources */ = {isa = PBXBuildFile; fileRef = 5B616D2E2CD16CBD0057B1FF /* UIColor+.swift */; };
		5B616D372CD16CBD0057B1FF /* UIResponder+.swift in Sources */ = {isa = PBXBuildFile; fileRef = 5B616D262CD16CBC0057B1FF /* UIResponder+.swift */; };
		5B616D382CD16CBD0057B1FF /* UIView+.swift in Sources */ = {isa = PBXBuildFile; fileRef = 5B616D2C2CD16CBD0057B1FF /* UIView+.swift */; };
		5B616D392CD16CBD0057B1FF /* Labels.swift in Sources */ = {isa = PBXBuildFile; fileRef = 5B616D272CD16CBC0057B1FF /* Labels.swift */; };
		5B616D3A2CD16CBD0057B1FF /* UIGestureRecognizer+.swift in Sources */ = {isa = PBXBuildFile; fileRef = 5B616D302CD16CBD0057B1FF /* UIGestureRecognizer+.swift */; };
		5B616D3B2CD16CBD0057B1FF /* Colors.swift in Sources */ = {isa = PBXBuildFile; fileRef = 5B616D2A2CD16CBC0057B1FF /* Colors.swift */; };
		5B616D3C2CD16CBD0057B1FF /* Buttons.swift in Sources */ = {isa = PBXBuildFile; fileRef = 5B616D252CD16CBC0057B1FF /* Buttons.swift */; };
		5B616D3F2CD16CDA0057B1FF /* NumberFormatters.swift in Sources */ = {isa = PBXBuildFile; fileRef = 5B616D3E2CD16CDA0057B1FF /* NumberFormatters.swift */; };
		5B616D402CD16CDA0057B1FF /* Images.swift in Sources */ = {isa = PBXBuildFile; fileRef = 5B616D3D2CD16CDA0057B1FF /* Images.swift */; };
		5B616D422CD16DFD0057B1FF /* Paddings.swift in Sources */ = {isa = PBXBuildFile; fileRef = 5B616D412CD16DFD0057B1FF /* Paddings.swift */; };
		5B616D452CD177670057B1FF /* Brush.swift in Sources */ = {isa = PBXBuildFile; fileRef = 5B616D442CD177670057B1FF /* Brush.swift */; };
		5B616D472CD177950057B1FF /* Color.swift in Sources */ = {isa = PBXBuildFile; fileRef = 5B616D462CD177950057B1FF /* Color.swift */; };
		5B616D492CD177C70057B1FF /* Hatch.swift in Sources */ = {isa = PBXBuildFile; fileRef = 5B616D482CD177C70057B1FF /* Hatch.swift */; };
		5B616D4B2CD177D50057B1FF /* Hatch+Segment.swift in Sources */ = {isa = PBXBuildFile; fileRef = 5B616D4A2CD177D50057B1FF /* Hatch+Segment.swift */; };
		5B616D4D2CD177F50057B1FF /* Point.swift in Sources */ = {isa = PBXBuildFile; fileRef = 5B616D4C2CD177F50057B1FF /* Point.swift */; };
		5B616D4F2CD179090057B1FF /* Filling.swift in Sources */ = {isa = PBXBuildFile; fileRef = 5B616D4E2CD179090057B1FF /* Filling.swift */; };
		5B616D512CD179440057B1FF /* Shot.swift in Sources */ = {isa = PBXBuildFile; fileRef = 5B616D502CD179440057B1FF /* Shot.swift */; };
		5B616D532CD179540057B1FF /* Cartoon.swift in Sources */ = {isa = PBXBuildFile; fileRef = 5B616D522CD179540057B1FF /* Cartoon.swift */; };
		5B616D572CD17ADD0057B1FF /* CanvasView.swift in Sources */ = {isa = PBXBuildFile; fileRef = 5B616D562CD17ADD0057B1FF /* CanvasView.swift */; };
		5B616D592CD17B350057B1FF /* ShotsCache.swift in Sources */ = {isa = PBXBuildFile; fileRef = 5B616D582CD17B350057B1FF /* ShotsCache.swift */; };
		5B616D5B2CD17FD00057B1FF /* Rect.swift in Sources */ = {isa = PBXBuildFile; fileRef = 5B616D5A2CD17FD00057B1FF /* Rect.swift */; };
		5B616D5D2CD17FE50057B1FF /* Size.swift in Sources */ = {isa = PBXBuildFile; fileRef = 5B616D5C2CD17FE50057B1FF /* Size.swift */; };
		5B616D5F2CD17FFB0057B1FF /* Rect+.swift in Sources */ = {isa = PBXBuildFile; fileRef = 5B616D5E2CD17FFB0057B1FF /* Rect+.swift */; };
		5B616D612CD181150057B1FF /* CGPoint+.swift in Sources */ = {isa = PBXBuildFile; fileRef = 5B616D602CD181150057B1FF /* CGPoint+.swift */; };
		5B616D632CD1951B0057B1FF /* Optional+.swift in Sources */ = {isa = PBXBuildFile; fileRef = 5B616D622CD1951B0057B1FF /* Optional+.swift */; };
		5B616D652CD21DE50057B1FF /* View.swift in Sources */ = {isa = PBXBuildFile; fileRef = 5B616D642CD21DE50057B1FF /* View.swift */; };
		5B616D672CD2E19B0057B1FF /* CartoonView.swift in Sources */ = {isa = PBXBuildFile; fileRef = 5B616D662CD2E19B0057B1FF /* CartoonView.swift */; };
		5B616D692CD2E24D0057B1FF /* UserAction.swift in Sources */ = {isa = PBXBuildFile; fileRef = 5B616D682CD2E24D0057B1FF /* UserAction.swift */; };
		5B616D6B2CD36C9F0057B1FF /* Cartoon+sample.swift in Sources */ = {isa = PBXBuildFile; fileRef = 5B616D6A2CD36C9F0057B1FF /* Cartoon+sample.swift */; };
		5B616D6D2CD37ECA0057B1FF /* ShotDrawerV1.swift in Sources */ = {isa = PBXBuildFile; fileRef = 5B616D6C2CD37ECA0057B1FF /* ShotDrawerV1.swift */; };
		5B616D6F2CD37ED70057B1FF /* PointConverter.swift in Sources */ = {isa = PBXBuildFile; fileRef = 5B616D6E2CD37ED70057B1FF /* PointConverter.swift */; };
		5B616D712CD37F500057B1FF /* ShotDrawer.swift in Sources */ = {isa = PBXBuildFile; fileRef = 5B616D702CD37F500057B1FF /* ShotDrawer.swift */; };
		5B616D732CD380EC0057B1FF /* ShotImageBuilder.swift in Sources */ = {isa = PBXBuildFile; fileRef = 5B616D722CD380EC0057B1FF /* ShotImageBuilder.swift */; };
		5B616D752CD38B550057B1FF /* AllEntities.swift in Sources */ = {isa = PBXBuildFile; fileRef = 5B616D742CD38B550057B1FF /* AllEntities.swift */; };
		5B616D772CD38D4D0057B1FF /* Cartoon+chatGptSamples.swift in Sources */ = {isa = PBXBuildFile; fileRef = 5B616D762CD38D4D0057B1FF /* Cartoon+chatGptSamples.swift */; };
		5BE5B8542CD439C800304C16 /* Cartoonist.swift in Sources */ = {isa = PBXBuildFile; fileRef = 5BE5B8532CD439C800304C16 /* Cartoonist.swift */; };
		5BE5B8562CD43F3800304C16 /* Factory.swift in Sources */ = {isa = PBXBuildFile; fileRef = 5BE5B8552CD43F3800304C16 /* Factory.swift */; };
		5BE5B8582CD4455D00304C16 /* UserActionsListener.swift in Sources */ = {isa = PBXBuildFile; fileRef = 5BE5B8572CD4455D00304C16 /* UserActionsListener.swift */; };
		5BE5B85A2CD4D86F00304C16 /* BrushChooserView.swift in Sources */ = {isa = PBXBuildFile; fileRef = 5BE5B8592CD4D86F00304C16 /* BrushChooserView.swift */; };
		5BE5B85C2CD541E800304C16 /* PearlView.swift in Sources */ = {isa = PBXBuildFile; fileRef = 5BE5B85B2CD541E800304C16 /* PearlView.swift */; };
		5BE5B85E2CD6522E00304C16 /* CGSize+.swift in Sources */ = {isa = PBXBuildFile; fileRef = 5BE5B85D2CD6522E00304C16 /* CGSize+.swift */; };
/* End PBXBuildFile section */

/* Begin PBXContainerItemProxy section */
		5B616CF82CD16B6E0057B1FF /* PBXContainerItemProxy */ = {
			isa = PBXContainerItemProxy;
			containerPortal = 5B616CD92CD16B6D0057B1FF /* Project object */;
			proxyType = 1;
			remoteGlobalIDString = 5B616CE02CD16B6D0057B1FF;
			remoteInfo = Imaginationland;
		};
		5B616D022CD16B6E0057B1FF /* PBXContainerItemProxy */ = {
			isa = PBXContainerItemProxy;
			containerPortal = 5B616CD92CD16B6D0057B1FF /* Project object */;
			proxyType = 1;
			remoteGlobalIDString = 5B616CE02CD16B6D0057B1FF;
			remoteInfo = Imaginationland;
		};
/* End PBXContainerItemProxy section */

/* Begin PBXFileReference section */
		5B616CE12CD16B6D0057B1FF /* Imaginationland.app */ = {isa = PBXFileReference; explicitFileType = wrapper.application; includeInIndex = 0; path = Imaginationland.app; sourceTree = BUILT_PRODUCTS_DIR; };
		5B616CE42CD16B6D0057B1FF /* AppDelegate.swift */ = {isa = PBXFileReference; lastKnownFileType = sourcecode.swift; path = AppDelegate.swift; sourceTree = "<group>"; };
		5B616CE82CD16B6D0057B1FF /* ViewController.swift */ = {isa = PBXFileReference; lastKnownFileType = sourcecode.swift; path = ViewController.swift; sourceTree = "<group>"; };
		5B616CED2CD16B6E0057B1FF /* Assets.xcassets */ = {isa = PBXFileReference; lastKnownFileType = folder.assetcatalog; path = Assets.xcassets; sourceTree = "<group>"; };
		5B616CF02CD16B6E0057B1FF /* Base */ = {isa = PBXFileReference; lastKnownFileType = file.storyboard; name = Base; path = Base.lproj/LaunchScreen.storyboard; sourceTree = "<group>"; };
		5B616CF22CD16B6E0057B1FF /* Info.plist */ = {isa = PBXFileReference; lastKnownFileType = text.plist.xml; path = Info.plist; sourceTree = "<group>"; };
		5B616CF72CD16B6E0057B1FF /* ImaginationlandTests.xctest */ = {isa = PBXFileReference; explicitFileType = wrapper.cfbundle; includeInIndex = 0; path = ImaginationlandTests.xctest; sourceTree = BUILT_PRODUCTS_DIR; };
		5B616CFB2CD16B6E0057B1FF /* ImaginationlandTests.swift */ = {isa = PBXFileReference; lastKnownFileType = sourcecode.swift; path = ImaginationlandTests.swift; sourceTree = "<group>"; };
		5B616D012CD16B6E0057B1FF /* ImaginationlandUITests.xctest */ = {isa = PBXFileReference; explicitFileType = wrapper.cfbundle; includeInIndex = 0; path = ImaginationlandUITests.xctest; sourceTree = BUILT_PRODUCTS_DIR; };
		5B616D052CD16B6E0057B1FF /* ImaginationlandUITests.swift */ = {isa = PBXFileReference; lastKnownFileType = sourcecode.swift; path = ImaginationlandUITests.swift; sourceTree = "<group>"; };
		5B616D072CD16B6E0057B1FF /* ImaginationlandUITestsLaunchTests.swift */ = {isa = PBXFileReference; lastKnownFileType = sourcecode.swift; path = ImaginationlandUITestsLaunchTests.swift; sourceTree = "<group>"; };
		5B616D172CD16C7C0057B1FF /* Duration.swift */ = {isa = PBXFileReference; lastKnownFileType = sourcecode.swift; path = Duration.swift; sourceTree = "<group>"; };
		5B616D192CD16C900057B1FF /* Buildable.swift */ = {isa = PBXFileReference; lastKnownFileType = sourcecode.swift; path = Buildable.swift; sourceTree = "<group>"; };
		5B616D1B2CD16CA30057B1FF /* ImaginationlandError.swift */ = {isa = PBXFileReference; lastKnownFileType = sourcecode.swift; path = ImaginationlandError.swift; sourceTree = "<group>"; };
		5B616D1C2CD16CA30057B1FF /* Comparable+.swift */ = {isa = PBXFileReference; lastKnownFileType = sourcecode.swift; path = "Comparable+.swift"; sourceTree = "<group>"; };
		5B616D1D2CD16CA30057B1FF /* FileManager+.swift */ = {isa = PBXFileReference; lastKnownFileType = sourcecode.swift; path = "FileManager+.swift"; sourceTree = "<group>"; };
		5B616D1E2CD16CA30057B1FF /* Sequence+.swift */ = {isa = PBXFileReference; lastKnownFileType = sourcecode.swift; path = "Sequence+.swift"; sourceTree = "<group>"; };
		5B616D1F2CD16CA30057B1FF /* URL+.swift */ = {isa = PBXFileReference; lastKnownFileType = sourcecode.swift; path = "URL+.swift"; sourceTree = "<group>"; };
		5B616D252CD16CBC0057B1FF /* Buttons.swift */ = {isa = PBXFileReference; lastKnownFileType = sourcecode.swift; path = Buttons.swift; sourceTree = "<group>"; };
		5B616D262CD16CBC0057B1FF /* UIResponder+.swift */ = {isa = PBXFileReference; lastKnownFileType = sourcecode.swift; path = "UIResponder+.swift"; sourceTree = "<group>"; };
		5B616D272CD16CBC0057B1FF /* Labels.swift */ = {isa = PBXFileReference; lastKnownFileType = sourcecode.swift; path = Labels.swift; sourceTree = "<group>"; };
		5B616D282CD16CBC0057B1FF /* ImageViews.swift */ = {isa = PBXFileReference; lastKnownFileType = sourcecode.swift; path = ImageViews.swift; sourceTree = "<group>"; };
		5B616D292CD16CBC0057B1FF /* UIControl+.swift */ = {isa = PBXFileReference; lastKnownFileType = sourcecode.swift; path = "UIControl+.swift"; sourceTree = "<group>"; };
		5B616D2A2CD16CBC0057B1FF /* Colors.swift */ = {isa = PBXFileReference; lastKnownFileType = sourcecode.swift; path = Colors.swift; sourceTree = "<group>"; };
		5B616D2B2CD16CBD0057B1FF /* CGRect+.swift */ = {isa = PBXFileReference; lastKnownFileType = sourcecode.swift; path = "CGRect+.swift"; sourceTree = "<group>"; };
		5B616D2C2CD16CBD0057B1FF /* UIView+.swift */ = {isa = PBXFileReference; lastKnownFileType = sourcecode.swift; path = "UIView+.swift"; sourceTree = "<group>"; };
		5B616D2D2CD16CBD0057B1FF /* Button.swift */ = {isa = PBXFileReference; lastKnownFileType = sourcecode.swift; path = Button.swift; sourceTree = "<group>"; };
		5B616D2E2CD16CBD0057B1FF /* UIColor+.swift */ = {isa = PBXFileReference; lastKnownFileType = sourcecode.swift; path = "UIColor+.swift"; sourceTree = "<group>"; };
		5B616D2F2CD16CBD0057B1FF /* CACornerMask+.swift */ = {isa = PBXFileReference; lastKnownFileType = sourcecode.swift; path = "CACornerMask+.swift"; sourceTree = "<group>"; };
		5B616D302CD16CBD0057B1FF /* UIGestureRecognizer+.swift */ = {isa = PBXFileReference; lastKnownFileType = sourcecode.swift; path = "UIGestureRecognizer+.swift"; sourceTree = "<group>"; };
		5B616D3D2CD16CDA0057B1FF /* Images.swift */ = {isa = PBXFileReference; lastKnownFileType = sourcecode.swift; path = Images.swift; sourceTree = "<group>"; };
		5B616D3E2CD16CDA0057B1FF /* NumberFormatters.swift */ = {isa = PBXFileReference; lastKnownFileType = sourcecode.swift; path = NumberFormatters.swift; sourceTree = "<group>"; };
		5B616D412CD16DFD0057B1FF /* Paddings.swift */ = {isa = PBXFileReference; fileEncoding = 4; lastKnownFileType = sourcecode.swift; path = Paddings.swift; sourceTree = "<group>"; };
		5B616D442CD177670057B1FF /* Brush.swift */ = {isa = PBXFileReference; lastKnownFileType = sourcecode.swift; path = Brush.swift; sourceTree = "<group>"; };
		5B616D462CD177950057B1FF /* Color.swift */ = {isa = PBXFileReference; fileEncoding = 4; lastKnownFileType = sourcecode.swift; path = Color.swift; sourceTree = "<group>"; };
		5B616D482CD177C70057B1FF /* Hatch.swift */ = {isa = PBXFileReference; fileEncoding = 4; lastKnownFileType = sourcecode.swift; path = Hatch.swift; sourceTree = "<group>"; };
		5B616D4A2CD177D50057B1FF /* Hatch+Segment.swift */ = {isa = PBXFileReference; fileEncoding = 4; lastKnownFileType = sourcecode.swift; path = "Hatch+Segment.swift"; sourceTree = "<group>"; };
		5B616D4C2CD177F50057B1FF /* Point.swift */ = {isa = PBXFileReference; fileEncoding = 4; lastKnownFileType = sourcecode.swift; path = Point.swift; sourceTree = "<group>"; };
		5B616D4E2CD179090057B1FF /* Filling.swift */ = {isa = PBXFileReference; fileEncoding = 4; lastKnownFileType = sourcecode.swift; path = Filling.swift; sourceTree = "<group>"; };
		5B616D502CD179440057B1FF /* Shot.swift */ = {isa = PBXFileReference; fileEncoding = 4; lastKnownFileType = sourcecode.swift; path = Shot.swift; sourceTree = "<group>"; };
		5B616D522CD179540057B1FF /* Cartoon.swift */ = {isa = PBXFileReference; fileEncoding = 4; lastKnownFileType = sourcecode.swift; path = Cartoon.swift; sourceTree = "<group>"; };
		5B616D562CD17ADD0057B1FF /* CanvasView.swift */ = {isa = PBXFileReference; fileEncoding = 4; lastKnownFileType = sourcecode.swift; path = CanvasView.swift; sourceTree = "<group>"; };
		5B616D582CD17B350057B1FF /* ShotsCache.swift */ = {isa = PBXFileReference; fileEncoding = 4; lastKnownFileType = sourcecode.swift; path = ShotsCache.swift; sourceTree = "<group>"; };
		5B616D5A2CD17FD00057B1FF /* Rect.swift */ = {isa = PBXFileReference; fileEncoding = 4; lastKnownFileType = sourcecode.swift; path = Rect.swift; sourceTree = "<group>"; };
		5B616D5C2CD17FE50057B1FF /* Size.swift */ = {isa = PBXFileReference; fileEncoding = 4; lastKnownFileType = sourcecode.swift; path = Size.swift; sourceTree = "<group>"; };
		5B616D5E2CD17FFB0057B1FF /* Rect+.swift */ = {isa = PBXFileReference; fileEncoding = 4; lastKnownFileType = sourcecode.swift; path = "Rect+.swift"; sourceTree = "<group>"; };
		5B616D602CD181150057B1FF /* CGPoint+.swift */ = {isa = PBXFileReference; fileEncoding = 4; lastKnownFileType = sourcecode.swift; path = "CGPoint+.swift"; sourceTree = "<group>"; };
		5B616D622CD1951B0057B1FF /* Optional+.swift */ = {isa = PBXFileReference; fileEncoding = 4; lastKnownFileType = sourcecode.swift; path = "Optional+.swift"; sourceTree = "<group>"; };
		5B616D642CD21DE50057B1FF /* View.swift */ = {isa = PBXFileReference; fileEncoding = 4; lastKnownFileType = sourcecode.swift; path = View.swift; sourceTree = "<group>"; };
		5B616D662CD2E19B0057B1FF /* CartoonView.swift */ = {isa = PBXFileReference; fileEncoding = 4; lastKnownFileType = sourcecode.swift; path = CartoonView.swift; sourceTree = "<group>"; };
		5B616D682CD2E24D0057B1FF /* UserAction.swift */ = {isa = PBXFileReference; fileEncoding = 4; lastKnownFileType = sourcecode.swift; path = UserAction.swift; sourceTree = "<group>"; };
		5B616D6A2CD36C9F0057B1FF /* Cartoon+sample.swift */ = {isa = PBXFileReference; fileEncoding = 4; lastKnownFileType = sourcecode.swift; path = "Cartoon+sample.swift"; sourceTree = "<group>"; };
		5B616D6C2CD37ECA0057B1FF /* ShotDrawerV1.swift */ = {isa = PBXFileReference; fileEncoding = 4; lastKnownFileType = sourcecode.swift; path = ShotDrawerV1.swift; sourceTree = "<group>"; };
		5B616D6E2CD37ED70057B1FF /* PointConverter.swift */ = {isa = PBXFileReference; fileEncoding = 4; lastKnownFileType = sourcecode.swift; path = PointConverter.swift; sourceTree = "<group>"; };
		5B616D702CD37F500057B1FF /* ShotDrawer.swift */ = {isa = PBXFileReference; fileEncoding = 4; lastKnownFileType = sourcecode.swift; path = ShotDrawer.swift; sourceTree = "<group>"; };
		5B616D722CD380EC0057B1FF /* ShotImageBuilder.swift */ = {isa = PBXFileReference; fileEncoding = 4; lastKnownFileType = sourcecode.swift; path = ShotImageBuilder.swift; sourceTree = "<group>"; };
		5B616D742CD38B550057B1FF /* AllEntities.swift */ = {isa = PBXFileReference; fileEncoding = 4; lastKnownFileType = sourcecode.swift; path = AllEntities.swift; sourceTree = "<group>"; };
		5B616D762CD38D4D0057B1FF /* Cartoon+chatGptSamples.swift */ = {isa = PBXFileReference; fileEncoding = 4; lastKnownFileType = sourcecode.swift; path = "Cartoon+chatGptSamples.swift"; sourceTree = "<group>"; };
		5BE5B8532CD439C800304C16 /* Cartoonist.swift */ = {isa = PBXFileReference; fileEncoding = 4; lastKnownFileType = sourcecode.swift; path = Cartoonist.swift; sourceTree = "<group>"; };
		5BE5B8552CD43F3800304C16 /* Factory.swift */ = {isa = PBXFileReference; fileEncoding = 4; lastKnownFileType = sourcecode.swift; path = Factory.swift; sourceTree = "<group>"; };
		5BE5B8572CD4455D00304C16 /* UserActionsListener.swift */ = {isa = PBXFileReference; fileEncoding = 4; lastKnownFileType = sourcecode.swift; path = UserActionsListener.swift; sourceTree = "<group>"; };
		5BE5B8592CD4D86F00304C16 /* BrushChooserView.swift */ = {isa = PBXFileReference; fileEncoding = 4; lastKnownFileType = sourcecode.swift; path = BrushChooserView.swift; sourceTree = "<group>"; };
		5BE5B85B2CD541E800304C16 /* PearlView.swift */ = {isa = PBXFileReference; fileEncoding = 4; lastKnownFileType = sourcecode.swift; path = PearlView.swift; sourceTree = "<group>"; };
		5BE5B85D2CD6522E00304C16 /* CGSize+.swift */ = {isa = PBXFileReference; fileEncoding = 4; lastKnownFileType = sourcecode.swift; path = "CGSize+.swift"; sourceTree = "<group>"; };
/* End PBXFileReference section */

/* Begin PBXFrameworksBuildPhase section */
		5B616CDE2CD16B6D0057B1FF /* Frameworks */ = {
			isa = PBXFrameworksBuildPhase;
			buildActionMask = 2147483647;
			files = (
				5B616D162CD16C1D0057B1FF /* SnapKit in Frameworks */,
			);
			runOnlyForDeploymentPostprocessing = 0;
		};
		5B616CF42CD16B6E0057B1FF /* Frameworks */ = {
			isa = PBXFrameworksBuildPhase;
			buildActionMask = 2147483647;
			files = (
			);
			runOnlyForDeploymentPostprocessing = 0;
		};
		5B616CFE2CD16B6E0057B1FF /* Frameworks */ = {
			isa = PBXFrameworksBuildPhase;
			buildActionMask = 2147483647;
			files = (
			);
			runOnlyForDeploymentPostprocessing = 0;
		};
/* End PBXFrameworksBuildPhase section */

/* Begin PBXGroup section */
		5B616CD82CD16B6D0057B1FF = {
			isa = PBXGroup;
			children = (
				5B616CE32CD16B6D0057B1FF /* Imaginationland */,
				5B616CFA2CD16B6E0057B1FF /* ImaginationlandTests */,
				5B616D042CD16B6E0057B1FF /* ImaginationlandUITests */,
				5B616CE22CD16B6D0057B1FF /* Products */,
			);
			sourceTree = "<group>";
		};
		5B616CE22CD16B6D0057B1FF /* Products */ = {
			isa = PBXGroup;
			children = (
				5B616CE12CD16B6D0057B1FF /* Imaginationland.app */,
				5B616CF72CD16B6E0057B1FF /* ImaginationlandTests.xctest */,
				5B616D012CD16B6E0057B1FF /* ImaginationlandUITests.xctest */,
			);
			name = Products;
			sourceTree = "<group>";
		};
		5B616CE32CD16B6D0057B1FF /* Imaginationland */ = {
			isa = PBXGroup;
			children = (
				5B616D432CD1775B0057B1FF /* Entities */,
				5B616D552CD17A100057B1FF /* Resources */,
				5B616D542CD17A050057B1FF /* Views */,
				5B616D2F2CD16CBD0057B1FF /* CACornerMask+.swift */,
				5B616D602CD181150057B1FF /* CGPoint+.swift */,
				5BE5B85D2CD6522E00304C16 /* CGSize+.swift */,
				5B616D2B2CD16CBD0057B1FF /* CGRect+.swift */,
				5B616D5E2CD17FFB0057B1FF /* Rect+.swift */,
				5B616D2E2CD16CBD0057B1FF /* UIColor+.swift */,
				5B616D1C2CD16CA30057B1FF /* Comparable+.swift */,
				5B616D1D2CD16CA30057B1FF /* FileManager+.swift */,
				5B616D1B2CD16CA30057B1FF /* ImaginationlandError.swift */,
				5BE5B8532CD439C800304C16 /* Cartoonist.swift */,
				5BE5B8572CD4455D00304C16 /* UserActionsListener.swift */,
				5BE5B8552CD43F3800304C16 /* Factory.swift */,
				5B616D582CD17B350057B1FF /* ShotsCache.swift */,
				5B616D1E2CD16CA30057B1FF /* Sequence+.swift */,
				5B616D622CD1951B0057B1FF /* Optional+.swift */,
				5B616D1F2CD16CA30057B1FF /* URL+.swift */,
				5B616D172CD16C7C0057B1FF /* Duration.swift */,
				5B616D192CD16C900057B1FF /* Buildable.swift */,
				5B616CE82CD16B6D0057B1FF /* ViewController.swift */,
				5B616CE42CD16B6D0057B1FF /* AppDelegate.swift */,
				5B616CED2CD16B6E0057B1FF /* Assets.xcassets */,
				5B616CEF2CD16B6E0057B1FF /* LaunchScreen.storyboard */,
				5B616CF22CD16B6E0057B1FF /* Info.plist */,
			);
			path = Imaginationland;
			sourceTree = "<group>";
		};
		5B616CFA2CD16B6E0057B1FF /* ImaginationlandTests */ = {
			isa = PBXGroup;
			children = (
				5B616CFB2CD16B6E0057B1FF /* ImaginationlandTests.swift */,
			);
			path = ImaginationlandTests;
			sourceTree = "<group>";
		};
		5B616D042CD16B6E0057B1FF /* ImaginationlandUITests */ = {
			isa = PBXGroup;
			children = (
				5B616D052CD16B6E0057B1FF /* ImaginationlandUITests.swift */,
				5B616D072CD16B6E0057B1FF /* ImaginationlandUITestsLaunchTests.swift */,
			);
			path = ImaginationlandUITests;
			sourceTree = "<group>";
		};
		5B616D432CD1775B0057B1FF /* Entities */ = {
			isa = PBXGroup;
			children = (
				5B616D442CD177670057B1FF /* Brush.swift */,
				5B616D522CD179540057B1FF /* Cartoon.swift */,
				5B616D462CD177950057B1FF /* Color.swift */,
				5B616D4E2CD179090057B1FF /* Filling.swift */,
				5B616D482CD177C70057B1FF /* Hatch.swift */,
				5B616D4A2CD177D50057B1FF /* Hatch+Segment.swift */,
				5B616D4C2CD177F50057B1FF /* Point.swift */,
				5B616D5A2CD17FD00057B1FF /* Rect.swift */,
				5B616D5C2CD17FE50057B1FF /* Size.swift */,
				5B616D502CD179440057B1FF /* Shot.swift */,
				5B616D682CD2E24D0057B1FF /* UserAction.swift */,
				5B616D742CD38B550057B1FF /* AllEntities.swift */,
			);
			path = Entities;
			sourceTree = "<group>";
		};
		5B616D542CD17A050057B1FF /* Views */ = {
			isa = PBXGroup;
			children = (
				5B616D2D2CD16CBD0057B1FF /* Button.swift */,
				5B616D252CD16CBC0057B1FF /* Buttons.swift */,
				5B616D282CD16CBC0057B1FF /* ImageViews.swift */,
				5B616D272CD16CBC0057B1FF /* Labels.swift */,
				5B616D292CD16CBC0057B1FF /* UIControl+.swift */,
				5B616D302CD16CBD0057B1FF /* UIGestureRecognizer+.swift */,
				5B616D262CD16CBC0057B1FF /* UIResponder+.swift */,
				5B616D2C2CD16CBD0057B1FF /* UIView+.swift */,
				5B616D642CD21DE50057B1FF /* View.swift */,
				5B616D562CD17ADD0057B1FF /* CanvasView.swift */,
				5B616D6E2CD37ED70057B1FF /* PointConverter.swift */,
				5B616D702CD37F500057B1FF /* ShotDrawer.swift */,
				5B616D722CD380EC0057B1FF /* ShotImageBuilder.swift */,
				5B616D6C2CD37ECA0057B1FF /* ShotDrawerV1.swift */,
				5B616D662CD2E19B0057B1FF /* CartoonView.swift */,
				5BE5B85B2CD541E800304C16 /* PearlView.swift */,
				5BE5B8592CD4D86F00304C16 /* BrushChooserView.swift */,
			);
			path = Views;
			sourceTree = "<group>";
		};
		5B616D552CD17A100057B1FF /* Resources */ = {
			isa = PBXGroup;
			children = (
				5B616D3D2CD16CDA0057B1FF /* Images.swift */,
				5B616D3E2CD16CDA0057B1FF /* NumberFormatters.swift */,
				5B616D2A2CD16CBC0057B1FF /* Colors.swift */,
				5B616D412CD16DFD0057B1FF /* Paddings.swift */,
				5B616D762CD38D4D0057B1FF /* Cartoon+chatGptSamples.swift */,
				5B616D6A2CD36C9F0057B1FF /* Cartoon+sample.swift */,
			);
			path = Resources;
			sourceTree = "<group>";
		};
/* End PBXGroup section */

/* Begin PBXNativeTarget section */
		5B616CE02CD16B6D0057B1FF /* Imaginationland */ = {
			isa = PBXNativeTarget;
			buildConfigurationList = 5B616D0B2CD16B6E0057B1FF /* Build configuration list for PBXNativeTarget "Imaginationland" */;
			buildPhases = (
				5B616CDD2CD16B6D0057B1FF /* Sources */,
				5B616CDE2CD16B6D0057B1FF /* Frameworks */,
				5B616CDF2CD16B6D0057B1FF /* Resources */,
			);
			buildRules = (
			);
			dependencies = (
			);
			name = Imaginationland;
			packageProductDependencies = (
				5B616D152CD16C1D0057B1FF /* SnapKit */,
			);
			productName = Imaginationland;
			productReference = 5B616CE12CD16B6D0057B1FF /* Imaginationland.app */;
			productType = "com.apple.product-type.application";
		};
		5B616CF62CD16B6E0057B1FF /* ImaginationlandTests */ = {
			isa = PBXNativeTarget;
			buildConfigurationList = 5B616D0E2CD16B6E0057B1FF /* Build configuration list for PBXNativeTarget "ImaginationlandTests" */;
			buildPhases = (
				5B616CF32CD16B6E0057B1FF /* Sources */,
				5B616CF42CD16B6E0057B1FF /* Frameworks */,
				5B616CF52CD16B6E0057B1FF /* Resources */,
			);
			buildRules = (
			);
			dependencies = (
				5B616CF92CD16B6E0057B1FF /* PBXTargetDependency */,
			);
			name = ImaginationlandTests;
			productName = ImaginationlandTests;
			productReference = 5B616CF72CD16B6E0057B1FF /* ImaginationlandTests.xctest */;
			productType = "com.apple.product-type.bundle.unit-test";
		};
		5B616D002CD16B6E0057B1FF /* ImaginationlandUITests */ = {
			isa = PBXNativeTarget;
			buildConfigurationList = 5B616D112CD16B6E0057B1FF /* Build configuration list for PBXNativeTarget "ImaginationlandUITests" */;
			buildPhases = (
				5B616CFD2CD16B6E0057B1FF /* Sources */,
				5B616CFE2CD16B6E0057B1FF /* Frameworks */,
				5B616CFF2CD16B6E0057B1FF /* Resources */,
			);
			buildRules = (
			);
			dependencies = (
				5B616D032CD16B6E0057B1FF /* PBXTargetDependency */,
			);
			name = ImaginationlandUITests;
			productName = ImaginationlandUITests;
			productReference = 5B616D012CD16B6E0057B1FF /* ImaginationlandUITests.xctest */;
			productType = "com.apple.product-type.bundle.ui-testing";
		};
/* End PBXNativeTarget section */

/* Begin PBXProject section */
		5B616CD92CD16B6D0057B1FF /* Project object */ = {
			isa = PBXProject;
			attributes = {
				BuildIndependentTargetsInParallel = 1;
				LastSwiftUpdateCheck = 1540;
				LastUpgradeCheck = 1540;
				TargetAttributes = {
					5B616CE02CD16B6D0057B1FF = {
						CreatedOnToolsVersion = 15.4;
					};
					5B616CF62CD16B6E0057B1FF = {
						CreatedOnToolsVersion = 15.4;
						TestTargetID = 5B616CE02CD16B6D0057B1FF;
					};
					5B616D002CD16B6E0057B1FF = {
						CreatedOnToolsVersion = 15.4;
						TestTargetID = 5B616CE02CD16B6D0057B1FF;
					};
				};
			};
			buildConfigurationList = 5B616CDC2CD16B6D0057B1FF /* Build configuration list for PBXProject "Imaginationland" */;
			compatibilityVersion = "Xcode 14.0";
			developmentRegion = en;
			hasScannedForEncodings = 0;
			knownRegions = (
				en,
				Base,
			);
			mainGroup = 5B616CD82CD16B6D0057B1FF;
			packageReferences = (
				5B616D142CD16C1D0057B1FF /* XCRemoteSwiftPackageReference "SnapKit" */,
			);
			productRefGroup = 5B616CE22CD16B6D0057B1FF /* Products */;
			projectDirPath = "";
			projectRoot = "";
			targets = (
				5B616CE02CD16B6D0057B1FF /* Imaginationland */,
				5B616CF62CD16B6E0057B1FF /* ImaginationlandTests */,
				5B616D002CD16B6E0057B1FF /* ImaginationlandUITests */,
			);
		};
/* End PBXProject section */

/* Begin PBXResourcesBuildPhase section */
		5B616CDF2CD16B6D0057B1FF /* Resources */ = {
			isa = PBXResourcesBuildPhase;
			buildActionMask = 2147483647;
			files = (
				5B616CEE2CD16B6E0057B1FF /* Assets.xcassets in Resources */,
				5B616CF12CD16B6E0057B1FF /* Base in Resources */,
			);
			runOnlyForDeploymentPostprocessing = 0;
		};
		5B616CF52CD16B6E0057B1FF /* Resources */ = {
			isa = PBXResourcesBuildPhase;
			buildActionMask = 2147483647;
			files = (
			);
			runOnlyForDeploymentPostprocessing = 0;
		};
		5B616CFF2CD16B6E0057B1FF /* Resources */ = {
			isa = PBXResourcesBuildPhase;
			buildActionMask = 2147483647;
			files = (
			);
			runOnlyForDeploymentPostprocessing = 0;
		};
/* End PBXResourcesBuildPhase section */

/* Begin PBXSourcesBuildPhase section */
		5B616CDD2CD16B6D0057B1FF /* Sources */ = {
			isa = PBXSourcesBuildPhase;
			buildActionMask = 2147483647;
			files = (
				5B616D3C2CD16CBD0057B1FF /* Buttons.swift in Sources */,
				5B616D4B2CD177D50057B1FF /* Hatch+Segment.swift in Sources */,
				5BE5B85E2CD6522E00304C16 /* CGSize+.swift in Sources */,
				5B616D232CD16CA30057B1FF /* ImaginationlandError.swift in Sources */,
				5B616D6B2CD36C9F0057B1FF /* Cartoon+sample.swift in Sources */,
				5B616D3B2CD16CBD0057B1FF /* Colors.swift in Sources */,
				5B616D5D2CD17FE50057B1FF /* Size.swift in Sources */,
				5B616D422CD16DFD0057B1FF /* Paddings.swift in Sources */,
				5B616D322CD16CBD0057B1FF /* ImageViews.swift in Sources */,
				5B616D242CD16CA30057B1FF /* URL+.swift in Sources */,
				5B616D222CD16CA30057B1FF /* Comparable+.swift in Sources */,
				5B616D592CD17B350057B1FF /* ShotsCache.swift in Sources */,
				5BE5B8562CD43F3800304C16 /* Factory.swift in Sources */,
				5B616D572CD17ADD0057B1FF /* CanvasView.swift in Sources */,
				5B616D212CD16CA30057B1FF /* Sequence+.swift in Sources */,
				5BE5B8582CD4455D00304C16 /* UserActionsListener.swift in Sources */,
				5B616D182CD16C7C0057B1FF /* Duration.swift in Sources */,
				5B616D4D2CD177F50057B1FF /* Point.swift in Sources */,
				5B616D512CD179440057B1FF /* Shot.swift in Sources */,
				5B616CE92CD16B6D0057B1FF /* ViewController.swift in Sources */,
				5BE5B85C2CD541E800304C16 /* PearlView.swift in Sources */,
				5B616D6F2CD37ED70057B1FF /* PointConverter.swift in Sources */,
				5B616D3F2CD16CDA0057B1FF /* NumberFormatters.swift in Sources */,
				5B616D772CD38D4D0057B1FF /* Cartoon+chatGptSamples.swift in Sources */,
				5B616D332CD16CBD0057B1FF /* Button.swift in Sources */,
				5BE5B85A2CD4D86F00304C16 /* BrushChooserView.swift in Sources */,
				5B616D612CD181150057B1FF /* CGPoint+.swift in Sources */,
				5B616D372CD16CBD0057B1FF /* UIResponder+.swift in Sources */,
				5B616D4F2CD179090057B1FF /* Filling.swift in Sources */,
				5B616D492CD177C70057B1FF /* Hatch.swift in Sources */,
				5B616D382CD16CBD0057B1FF /* UIView+.swift in Sources */,
				5B616D1A2CD16C900057B1FF /* Buildable.swift in Sources */,
				5B616D202CD16CA30057B1FF /* FileManager+.swift in Sources */,
				5B616D632CD1951B0057B1FF /* Optional+.swift in Sources */,
				5B616D712CD37F500057B1FF /* ShotDrawer.swift in Sources */,
				5B616D402CD16CDA0057B1FF /* Images.swift in Sources */,
				5B616D472CD177950057B1FF /* Color.swift in Sources */,
				5B616D452CD177670057B1FF /* Brush.swift in Sources */,
				5BE5B8542CD439C800304C16 /* Cartoonist.swift in Sources */,
				5B616D342CD16CBD0057B1FF /* CACornerMask+.swift in Sources */,
				5B616D352CD16CBD0057B1FF /* UIControl+.swift in Sources */,
				5B616D5B2CD17FD00057B1FF /* Rect.swift in Sources */,
				5B616D652CD21DE50057B1FF /* View.swift in Sources */,
				5B616D3A2CD16CBD0057B1FF /* UIGestureRecognizer+.swift in Sources */,
				5B616D392CD16CBD0057B1FF /* Labels.swift in Sources */,
				5B616CE52CD16B6D0057B1FF /* AppDelegate.swift in Sources */,
				5B616D672CD2E19B0057B1FF /* CartoonView.swift in Sources */,
				5B616D312CD16CBD0057B1FF /* CGRect+.swift in Sources */,
				5B616D6D2CD37ECA0057B1FF /* ShotDrawerV1.swift in Sources */,
				5B616D752CD38B550057B1FF /* AllEntities.swift in Sources */,
				5B616D532CD179540057B1FF /* Cartoon.swift in Sources */,
				5B616D5F2CD17FFB0057B1FF /* Rect+.swift in Sources */,
				5B616D692CD2E24D0057B1FF /* UserAction.swift in Sources */,
				5B616D362CD16CBD0057B1FF /* UIColor+.swift in Sources */,
				5B616D732CD380EC0057B1FF /* ShotImageBuilder.swift in Sources */,
			);
			runOnlyForDeploymentPostprocessing = 0;
		};
		5B616CF32CD16B6E0057B1FF /* Sources */ = {
			isa = PBXSourcesBuildPhase;
			buildActionMask = 2147483647;
			files = (
				5B616CFC2CD16B6E0057B1FF /* ImaginationlandTests.swift in Sources */,
			);
			runOnlyForDeploymentPostprocessing = 0;
		};
		5B616CFD2CD16B6E0057B1FF /* Sources */ = {
			isa = PBXSourcesBuildPhase;
			buildActionMask = 2147483647;
			files = (
				5B616D082CD16B6E0057B1FF /* ImaginationlandUITestsLaunchTests.swift in Sources */,
				5B616D062CD16B6E0057B1FF /* ImaginationlandUITests.swift in Sources */,
			);
			runOnlyForDeploymentPostprocessing = 0;
		};
/* End PBXSourcesBuildPhase section */

/* Begin PBXTargetDependency section */
		5B616CF92CD16B6E0057B1FF /* PBXTargetDependency */ = {
			isa = PBXTargetDependency;
			target = 5B616CE02CD16B6D0057B1FF /* Imaginationland */;
			targetProxy = 5B616CF82CD16B6E0057B1FF /* PBXContainerItemProxy */;
		};
		5B616D032CD16B6E0057B1FF /* PBXTargetDependency */ = {
			isa = PBXTargetDependency;
			target = 5B616CE02CD16B6D0057B1FF /* Imaginationland */;
			targetProxy = 5B616D022CD16B6E0057B1FF /* PBXContainerItemProxy */;
		};
/* End PBXTargetDependency section */

/* Begin PBXVariantGroup section */
		5B616CEF2CD16B6E0057B1FF /* LaunchScreen.storyboard */ = {
			isa = PBXVariantGroup;
			children = (
				5B616CF02CD16B6E0057B1FF /* Base */,
			);
			name = LaunchScreen.storyboard;
			sourceTree = "<group>";
		};
/* End PBXVariantGroup section */

/* Begin XCBuildConfiguration section */
		5B616D092CD16B6E0057B1FF /* Debug */ = {
			isa = XCBuildConfiguration;
			buildSettings = {
				ALWAYS_SEARCH_USER_PATHS = NO;
				ASSETCATALOG_COMPILER_GENERATE_SWIFT_ASSET_SYMBOL_EXTENSIONS = YES;
				CLANG_ANALYZER_NONNULL = YES;
				CLANG_ANALYZER_NUMBER_OBJECT_CONVERSION = YES_AGGRESSIVE;
				CLANG_CXX_LANGUAGE_STANDARD = "gnu++20";
				CLANG_ENABLE_MODULES = YES;
				CLANG_ENABLE_OBJC_ARC = YES;
				CLANG_ENABLE_OBJC_WEAK = YES;
				CLANG_WARN_BLOCK_CAPTURE_AUTORELEASING = YES;
				CLANG_WARN_BOOL_CONVERSION = YES;
				CLANG_WARN_COMMA = YES;
				CLANG_WARN_CONSTANT_CONVERSION = YES;
				CLANG_WARN_DEPRECATED_OBJC_IMPLEMENTATIONS = YES;
				CLANG_WARN_DIRECT_OBJC_ISA_USAGE = YES_ERROR;
				CLANG_WARN_DOCUMENTATION_COMMENTS = YES;
				CLANG_WARN_EMPTY_BODY = YES;
				CLANG_WARN_ENUM_CONVERSION = YES;
				CLANG_WARN_INFINITE_RECURSION = YES;
				CLANG_WARN_INT_CONVERSION = YES;
				CLANG_WARN_NON_LITERAL_NULL_CONVERSION = YES;
				CLANG_WARN_OBJC_IMPLICIT_RETAIN_SELF = YES;
				CLANG_WARN_OBJC_LITERAL_CONVERSION = YES;
				CLANG_WARN_OBJC_ROOT_CLASS = YES_ERROR;
				CLANG_WARN_QUOTED_INCLUDE_IN_FRAMEWORK_HEADER = YES;
				CLANG_WARN_RANGE_LOOP_ANALYSIS = YES;
				CLANG_WARN_STRICT_PROTOTYPES = YES;
				CLANG_WARN_SUSPICIOUS_MOVE = YES;
				CLANG_WARN_UNGUARDED_AVAILABILITY = YES_AGGRESSIVE;
				CLANG_WARN_UNREACHABLE_CODE = YES;
				CLANG_WARN__DUPLICATE_METHOD_MATCH = YES;
				COPY_PHASE_STRIP = NO;
				DEBUG_INFORMATION_FORMAT = dwarf;
				ENABLE_STRICT_OBJC_MSGSEND = YES;
				ENABLE_TESTABILITY = YES;
				ENABLE_USER_SCRIPT_SANDBOXING = YES;
				GCC_C_LANGUAGE_STANDARD = gnu17;
				GCC_DYNAMIC_NO_PIC = NO;
				GCC_NO_COMMON_BLOCKS = YES;
				GCC_OPTIMIZATION_LEVEL = 0;
				GCC_PREPROCESSOR_DEFINITIONS = (
					"DEBUG=1",
					"$(inherited)",
				);
				GCC_WARN_64_TO_32_BIT_CONVERSION = YES;
				GCC_WARN_ABOUT_RETURN_TYPE = YES_ERROR;
				GCC_WARN_UNDECLARED_SELECTOR = YES;
				GCC_WARN_UNINITIALIZED_AUTOS = YES_AGGRESSIVE;
				GCC_WARN_UNUSED_FUNCTION = YES;
				GCC_WARN_UNUSED_VARIABLE = YES;
				IPHONEOS_DEPLOYMENT_TARGET = 17.5;
				LOCALIZATION_PREFERS_STRING_CATALOGS = YES;
				MTL_ENABLE_DEBUG_INFO = INCLUDE_SOURCE;
				MTL_FAST_MATH = YES;
				ONLY_ACTIVE_ARCH = YES;
				SDKROOT = iphoneos;
				SWIFT_ACTIVE_COMPILATION_CONDITIONS = "DEBUG $(inherited)";
				SWIFT_OPTIMIZATION_LEVEL = "-Onone";
			};
			name = Debug;
		};
		5B616D0A2CD16B6E0057B1FF /* Release */ = {
			isa = XCBuildConfiguration;
			buildSettings = {
				ALWAYS_SEARCH_USER_PATHS = NO;
				ASSETCATALOG_COMPILER_GENERATE_SWIFT_ASSET_SYMBOL_EXTENSIONS = YES;
				CLANG_ANALYZER_NONNULL = YES;
				CLANG_ANALYZER_NUMBER_OBJECT_CONVERSION = YES_AGGRESSIVE;
				CLANG_CXX_LANGUAGE_STANDARD = "gnu++20";
				CLANG_ENABLE_MODULES = YES;
				CLANG_ENABLE_OBJC_ARC = YES;
				CLANG_ENABLE_OBJC_WEAK = YES;
				CLANG_WARN_BLOCK_CAPTURE_AUTORELEASING = YES;
				CLANG_WARN_BOOL_CONVERSION = YES;
				CLANG_WARN_COMMA = YES;
				CLANG_WARN_CONSTANT_CONVERSION = YES;
				CLANG_WARN_DEPRECATED_OBJC_IMPLEMENTATIONS = YES;
				CLANG_WARN_DIRECT_OBJC_ISA_USAGE = YES_ERROR;
				CLANG_WARN_DOCUMENTATION_COMMENTS = YES;
				CLANG_WARN_EMPTY_BODY = YES;
				CLANG_WARN_ENUM_CONVERSION = YES;
				CLANG_WARN_INFINITE_RECURSION = YES;
				CLANG_WARN_INT_CONVERSION = YES;
				CLANG_WARN_NON_LITERAL_NULL_CONVERSION = YES;
				CLANG_WARN_OBJC_IMPLICIT_RETAIN_SELF = YES;
				CLANG_WARN_OBJC_LITERAL_CONVERSION = YES;
				CLANG_WARN_OBJC_ROOT_CLASS = YES_ERROR;
				CLANG_WARN_QUOTED_INCLUDE_IN_FRAMEWORK_HEADER = YES;
				CLANG_WARN_RANGE_LOOP_ANALYSIS = YES;
				CLANG_WARN_STRICT_PROTOTYPES = YES;
				CLANG_WARN_SUSPICIOUS_MOVE = YES;
				CLANG_WARN_UNGUARDED_AVAILABILITY = YES_AGGRESSIVE;
				CLANG_WARN_UNREACHABLE_CODE = YES;
				CLANG_WARN__DUPLICATE_METHOD_MATCH = YES;
				COPY_PHASE_STRIP = NO;
				DEBUG_INFORMATION_FORMAT = "dwarf-with-dsym";
				ENABLE_NS_ASSERTIONS = NO;
				ENABLE_STRICT_OBJC_MSGSEND = YES;
				ENABLE_USER_SCRIPT_SANDBOXING = YES;
				GCC_C_LANGUAGE_STANDARD = gnu17;
				GCC_NO_COMMON_BLOCKS = YES;
				GCC_WARN_64_TO_32_BIT_CONVERSION = YES;
				GCC_WARN_ABOUT_RETURN_TYPE = YES_ERROR;
				GCC_WARN_UNDECLARED_SELECTOR = YES;
				GCC_WARN_UNINITIALIZED_AUTOS = YES_AGGRESSIVE;
				GCC_WARN_UNUSED_FUNCTION = YES;
				GCC_WARN_UNUSED_VARIABLE = YES;
				IPHONEOS_DEPLOYMENT_TARGET = 17.5;
				LOCALIZATION_PREFERS_STRING_CATALOGS = YES;
				MTL_ENABLE_DEBUG_INFO = NO;
				MTL_FAST_MATH = YES;
				SDKROOT = iphoneos;
				SWIFT_COMPILATION_MODE = wholemodule;
				VALIDATE_PRODUCT = YES;
			};
			name = Release;
		};
		5B616D0C2CD16B6E0057B1FF /* Debug */ = {
			isa = XCBuildConfiguration;
			buildSettings = {
				ASSETCATALOG_COMPILER_APPICON_NAME = AppIcon;
				ASSETCATALOG_COMPILER_GLOBAL_ACCENT_COLOR_NAME = AccentColor;
				CODE_SIGN_STYLE = Automatic;
				CURRENT_PROJECT_VERSION = 1;
				DEVELOPMENT_TEAM = 2Q23CJZB73;
				GENERATE_INFOPLIST_FILE = YES;
				INFOPLIST_FILE = Imaginationland/Info.plist;
				INFOPLIST_KEY_UIApplicationSupportsIndirectInputEvents = YES;
				INFOPLIST_KEY_UILaunchStoryboardName = LaunchScreen;
				INFOPLIST_KEY_UISupportedInterfaceOrientations = UIInterfaceOrientationPortrait;
				INFOPLIST_KEY_UISupportedInterfaceOrientations_iPad = "UIInterfaceOrientationLandscapeLeft UIInterfaceOrientationLandscapeRight UIInterfaceOrientationPortrait UIInterfaceOrientationPortraitUpsideDown";
				LD_RUNPATH_SEARCH_PATHS = (
					"$(inherited)",
					"@executable_path/Frameworks",
				);
				MARKETING_VERSION = 1.0;
				PRODUCT_BUNDLE_IDENTIFIER = dmitry.kotenko.Imaginationland;
				PRODUCT_NAME = "$(TARGET_NAME)";
				SWIFT_EMIT_LOC_STRINGS = YES;
				SWIFT_VERSION = 5.0;
				TARGETED_DEVICE_FAMILY = "1,2";
			};
			name = Debug;
		};
		5B616D0D2CD16B6E0057B1FF /* Release */ = {
			isa = XCBuildConfiguration;
			buildSettings = {
				ASSETCATALOG_COMPILER_APPICON_NAME = AppIcon;
				ASSETCATALOG_COMPILER_GLOBAL_ACCENT_COLOR_NAME = AccentColor;
				CODE_SIGN_STYLE = Automatic;
				CURRENT_PROJECT_VERSION = 1;
				DEVELOPMENT_TEAM = 2Q23CJZB73;
				GENERATE_INFOPLIST_FILE = YES;
				INFOPLIST_FILE = Imaginationland/Info.plist;
				INFOPLIST_KEY_UIApplicationSupportsIndirectInputEvents = YES;
				INFOPLIST_KEY_UILaunchStoryboardName = LaunchScreen;
				INFOPLIST_KEY_UISupportedInterfaceOrientations = UIInterfaceOrientationPortrait;
				INFOPLIST_KEY_UISupportedInterfaceOrientations_iPad = "UIInterfaceOrientationLandscapeLeft UIInterfaceOrientationLandscapeRight UIInterfaceOrientationPortrait UIInterfaceOrientationPortraitUpsideDown";
				LD_RUNPATH_SEARCH_PATHS = (
					"$(inherited)",
					"@executable_path/Frameworks",
				);
				MARKETING_VERSION = 1.0;
				PRODUCT_BUNDLE_IDENTIFIER = dmitry.kotenko.Imaginationland;
				PRODUCT_NAME = "$(TARGET_NAME)";
				SWIFT_EMIT_LOC_STRINGS = YES;
				SWIFT_VERSION = 5.0;
				TARGETED_DEVICE_FAMILY = "1,2";
			};
			name = Release;
		};
		5B616D0F2CD16B6E0057B1FF /* Debug */ = {
			isa = XCBuildConfiguration;
			buildSettings = {
				ALWAYS_EMBED_SWIFT_STANDARD_LIBRARIES = YES;
				BUNDLE_LOADER = "$(TEST_HOST)";
				CODE_SIGN_STYLE = Automatic;
				CURRENT_PROJECT_VERSION = 1;
				DEVELOPMENT_TEAM = 2Q23CJZB73;
				GENERATE_INFOPLIST_FILE = YES;
				IPHONEOS_DEPLOYMENT_TARGET = 17.5;
				MARKETING_VERSION = 1.0;
				PRODUCT_BUNDLE_IDENTIFIER = dmitry.kotenko.ImaginationlandTests;
				PRODUCT_NAME = "$(TARGET_NAME)";
				SWIFT_EMIT_LOC_STRINGS = NO;
				SWIFT_VERSION = 5.0;
				TARGETED_DEVICE_FAMILY = "1,2";
				TEST_HOST = "$(BUILT_PRODUCTS_DIR)/Imaginationland.app/$(BUNDLE_EXECUTABLE_FOLDER_PATH)/Imaginationland";
			};
			name = Debug;
		};
		5B616D102CD16B6E0057B1FF /* Release */ = {
			isa = XCBuildConfiguration;
			buildSettings = {
				ALWAYS_EMBED_SWIFT_STANDARD_LIBRARIES = YES;
				BUNDLE_LOADER = "$(TEST_HOST)";
				CODE_SIGN_STYLE = Automatic;
				CURRENT_PROJECT_VERSION = 1;
				DEVELOPMENT_TEAM = 2Q23CJZB73;
				GENERATE_INFOPLIST_FILE = YES;
				IPHONEOS_DEPLOYMENT_TARGET = 17.5;
				MARKETING_VERSION = 1.0;
				PRODUCT_BUNDLE_IDENTIFIER = dmitry.kotenko.ImaginationlandTests;
				PRODUCT_NAME = "$(TARGET_NAME)";
				SWIFT_EMIT_LOC_STRINGS = NO;
				SWIFT_VERSION = 5.0;
				TARGETED_DEVICE_FAMILY = "1,2";
				TEST_HOST = "$(BUILT_PRODUCTS_DIR)/Imaginationland.app/$(BUNDLE_EXECUTABLE_FOLDER_PATH)/Imaginationland";
			};
			name = Release;
		};
		5B616D122CD16B6E0057B1FF /* Debug */ = {
			isa = XCBuildConfiguration;
			buildSettings = {
				ALWAYS_EMBED_SWIFT_STANDARD_LIBRARIES = YES;
				CODE_SIGN_STYLE = Automatic;
				CURRENT_PROJECT_VERSION = 1;
				DEVELOPMENT_TEAM = 2Q23CJZB73;
				GENERATE_INFOPLIST_FILE = YES;
				MARKETING_VERSION = 1.0;
				PRODUCT_BUNDLE_IDENTIFIER = dmitry.kotenko.ImaginationlandUITests;
				PRODUCT_NAME = "$(TARGET_NAME)";
				SWIFT_EMIT_LOC_STRINGS = NO;
				SWIFT_VERSION = 5.0;
				TARGETED_DEVICE_FAMILY = "1,2";
				TEST_TARGET_NAME = Imaginationland;
			};
			name = Debug;
		};
		5B616D132CD16B6E0057B1FF /* Release */ = {
			isa = XCBuildConfiguration;
			buildSettings = {
				ALWAYS_EMBED_SWIFT_STANDARD_LIBRARIES = YES;
				CODE_SIGN_STYLE = Automatic;
				CURRENT_PROJECT_VERSION = 1;
				DEVELOPMENT_TEAM = 2Q23CJZB73;
				GENERATE_INFOPLIST_FILE = YES;
				MARKETING_VERSION = 1.0;
				PRODUCT_BUNDLE_IDENTIFIER = dmitry.kotenko.ImaginationlandUITests;
				PRODUCT_NAME = "$(TARGET_NAME)";
				SWIFT_EMIT_LOC_STRINGS = NO;
				SWIFT_VERSION = 5.0;
				TARGETED_DEVICE_FAMILY = "1,2";
				TEST_TARGET_NAME = Imaginationland;
			};
			name = Release;
		};
/* End XCBuildConfiguration section */

/* Begin XCConfigurationList section */
		5B616CDC2CD16B6D0057B1FF /* Build configuration list for PBXProject "Imaginationland" */ = {
			isa = XCConfigurationList;
			buildConfigurations = (
				5B616D092CD16B6E0057B1FF /* Debug */,
				5B616D0A2CD16B6E0057B1FF /* Release */,
			);
			defaultConfigurationIsVisible = 0;
			defaultConfigurationName = Release;
		};
		5B616D0B2CD16B6E0057B1FF /* Build configuration list for PBXNativeTarget "Imaginationland" */ = {
			isa = XCConfigurationList;
			buildConfigurations = (
				5B616D0C2CD16B6E0057B1FF /* Debug */,
				5B616D0D2CD16B6E0057B1FF /* Release */,
			);
			defaultConfigurationIsVisible = 0;
			defaultConfigurationName = Release;
		};
		5B616D0E2CD16B6E0057B1FF /* Build configuration list for PBXNativeTarget "ImaginationlandTests" */ = {
			isa = XCConfigurationList;
			buildConfigurations = (
				5B616D0F2CD16B6E0057B1FF /* Debug */,
				5B616D102CD16B6E0057B1FF /* Release */,
			);
			defaultConfigurationIsVisible = 0;
			defaultConfigurationName = Release;
		};
		5B616D112CD16B6E0057B1FF /* Build configuration list for PBXNativeTarget "ImaginationlandUITests" */ = {
			isa = XCConfigurationList;
			buildConfigurations = (
				5B616D122CD16B6E0057B1FF /* Debug */,
				5B616D132CD16B6E0057B1FF /* Release */,
			);
			defaultConfigurationIsVisible = 0;
			defaultConfigurationName = Release;
		};
/* End XCConfigurationList section */

/* Begin XCRemoteSwiftPackageReference section */
		5B616D142CD16C1D0057B1FF /* XCRemoteSwiftPackageReference "SnapKit" */ = {
			isa = XCRemoteSwiftPackageReference;
			repositoryURL = "https://github.com/SnapKit/SnapKit";
			requirement = {
				kind = upToNextMajorVersion;
				minimumVersion = 5.7.1;
			};
		};
/* End XCRemoteSwiftPackageReference section */

/* Begin XCSwiftPackageProductDependency section */
		5B616D152CD16C1D0057B1FF /* SnapKit */ = {
			isa = XCSwiftPackageProductDependency;
			package = 5B616D142CD16C1D0057B1FF /* XCRemoteSwiftPackageReference "SnapKit" */;
			productName = SnapKit;
		};
/* End XCSwiftPackageProductDependency section */
	};
	rootObject = 5B616CD92CD16B6D0057B1FF /* Project object */;
}
